
Microsoft Visual Studio Solution File, Format Version 12.00
# Visual Studio Version 16
VisualStudioVersion = 16.0.29418.71
MinimumVisualStudioVersion = 10.0.40219.1
Project("{FAE04EC0-301F-11D3-BF4B-00C04F79EFBC}") = "Questions", "Questions.csproj", "{AB9B34D9-70AC-48ED-85C0-77A11B14DC21}"
EndProject
Global
	GlobalSection(SolutionConfigurationPlatforms) = preSolution
		Debug|Any CPU = Debug|Any CPU
		Release|Any CPU = Release|Any CPU
	EndGlobalSection
	GlobalSection(ProjectConfigurationPlatforms) = postSolution
		{AB9B34D9-70AC-48ED-85C0-77A11B14DC21}.Debug|Any CPU.ActiveCfg = Debug|Any CPU
		{AB9B34D9-70AC-48ED-85C0-77A11B14DC21}.Debug|Any CPU.Build.0 = Debug|Any CPU
		{AB9B34D9-70AC-48ED-85C0-77A11B14DC21}.Release|Any CPU.ActiveCfg = Release|Any CPU
		{AB9B34D9-70AC-48ED-85C0-77A11B14DC21}.Release|Any CPU.Build.0 = Release|Any CPU
	EndGlobalSection
	GlobalSection(SolutionProperties) = preSolution
		HideSolutionNode = FALSE
	EndGlobalSection
	GlobalSection(ExtensibilityGlobals) = postSolution
		SolutionGuid = {9B548264-31D5-43D1-A1FD-08108E67F910}
	EndGlobalSection
EndGlobal
